
Microsoft Visual Studio Solution File, Format Version 12.00
# Visual Studio 2012
Project("{FAE04EC0-301F-11D3-BF4B-00C04F79EFBC}") = "premier.tipico", "Premier\premier.tipico.csproj", "{A17A64BE-1806-48FC-80D6-D368A3FF0EA9}"
EndProject
Project("{FAE04EC0-301F-11D3-BF4B-00C04F79EFBC}") = "premier.parser", "premier.parser\premier.parser.csproj", "{E7C16F34-94D8-4C98-BFA3-3DA067585CC2}"
EndProject
Project("{FAE04EC0-301F-11D3-BF4B-00C04F79EFBC}") = "premier.basic", "premier.basic\premier.basic.csproj", "{BD6E7B0F-E651-4E24-84B5-3DEF2D29FCCB}"
EndProject
Project("{FAE04EC0-301F-11D3-BF4B-00C04F79EFBC}") = "premier.results", "premier.results\premier.results.csproj", "{FDAF630E-0C9F-4471-A9F6-886B58E86EEF}"
EndProject
Project("{2150E333-8FDC-42A3-9474-1A3956D46DE8}") = "Solution Items", "Solution Items", "{5D798865-1DBC-4C3A-AB6A-B03B8FF29114}"
	ProjectSection(SolutionItems) = preProject
		HTMLPage1.html = HTMLPage1.html
	EndProjectSection
EndProject
Global
	GlobalSection(SolutionConfigurationPlatforms) = preSolution
		Debug|Any CPU = Debug|Any CPU
		Debug|Mixed Platforms = Debug|Mixed Platforms
		Debug|x86 = Debug|x86
		Release|Any CPU = Release|Any CPU
		Release|Mixed Platforms = Release|Mixed Platforms
		Release|x86 = Release|x86
	EndGlobalSection
	GlobalSection(ProjectConfigurationPlatforms) = postSolution
		{A17A64BE-1806-48FC-80D6-D368A3FF0EA9}.Debug|Any CPU.ActiveCfg = Debug|x86
		{A17A64BE-1806-48FC-80D6-D368A3FF0EA9}.Debug|Mixed Platforms.ActiveCfg = Debug|x86
		{A17A64BE-1806-48FC-80D6-D368A3FF0EA9}.Debug|Mixed Platforms.Build.0 = Debug|x86
		{A17A64BE-1806-48FC-80D6-D368A3FF0EA9}.Debug|x86.ActiveCfg = Debug|x86
		{A17A64BE-1806-48FC-80D6-D368A3FF0EA9}.Debug|x86.Build.0 = Debug|x86
		{A17A64BE-1806-48FC-80D6-D368A3FF0EA9}.Release|Any CPU.ActiveCfg = Release|x86
		{A17A64BE-1806-48FC-80D6-D368A3FF0EA9}.Release|Mixed Platforms.ActiveCfg = Release|x86
		{A17A64BE-1806-48FC-80D6-D368A3FF0EA9}.Release|Mixed Platforms.Build.0 = Release|x86
		{A17A64BE-1806-48FC-80D6-D368A3FF0EA9}.Release|x86.ActiveCfg = Release|x86
		{A17A64BE-1806-48FC-80D6-D368A3FF0EA9}.Release|x86.Build.0 = Release|x86
		{E7C16F34-94D8-4C98-BFA3-3DA067585CC2}.Debug|Any CPU.ActiveCfg = Debug|Any CPU
		{E7C16F34-94D8-4C98-BFA3-3DA067585CC2}.Debug|Any CPU.Build.0 = Debug|Any CPU
		{E7C16F34-94D8-4C98-BFA3-3DA067585CC2}.Debug|Mixed Platforms.ActiveCfg = Debug|Any CPU
		{E7C16F34-94D8-4C98-BFA3-3DA067585CC2}.Debug|Mixed Platforms.Build.0 = Debug|Any CPU
		{E7C16F34-94D8-4C98-BFA3-3DA067585CC2}.Debug|x86.ActiveCfg = Debug|Any CPU
		{E7C16F34-94D8-4C98-BFA3-3DA067585CC2}.Release|Any CPU.ActiveCfg = Release|Any CPU
		{E7C16F34-94D8-4C98-BFA3-3DA067585CC2}.Release|Any CPU.Build.0 = Release|Any CPU
		{E7C16F34-94D8-4C98-BFA3-3DA067585CC2}.Release|Mixed Platforms.ActiveCfg = Release|Any CPU
		{E7C16F34-94D8-4C98-BFA3-3DA067585CC2}.Release|Mixed Platforms.Build.0 = Release|Any CPU
		{E7C16F34-94D8-4C98-BFA3-3DA067585CC2}.Release|x86.ActiveCfg = Release|Any CPU
		{E7C16F34-94D8-4C98-BFA3-3DA067585CC2}.Release|x86.Build.0 = Release|Any CPU
		{BD6E7B0F-E651-4E24-84B5-3DEF2D29FCCB}.Debug|Any CPU.ActiveCfg = Debug|x86
		{BD6E7B0F-E651-4E24-84B5-3DEF2D29FCCB}.Debug|Mixed Platforms.ActiveCfg = Debug|x86
		{BD6E7B0F-E651-4E24-84B5-3DEF2D29FCCB}.Debug|Mixed Platforms.Build.0 = Debug|x86
		{BD6E7B0F-E651-4E24-84B5-3DEF2D29FCCB}.Debug|x86.ActiveCfg = Debug|x86
		{BD6E7B0F-E651-4E24-84B5-3DEF2D29FCCB}.Debug|x86.Build.0 = Debug|x86
		{BD6E7B0F-E651-4E24-84B5-3DEF2D29FCCB}.Release|Any CPU.ActiveCfg = Release|x86
		{BD6E7B0F-E651-4E24-84B5-3DEF2D29FCCB}.Release|Mixed Platforms.ActiveCfg = Release|x86
		{BD6E7B0F-E651-4E24-84B5-3DEF2D29FCCB}.Release|Mixed Platforms.Build.0 = Release|x86
		{BD6E7B0F-E651-4E24-84B5-3DEF2D29FCCB}.Release|x86.ActiveCfg = Release|x86
		{BD6E7B0F-E651-4E24-84B5-3DEF2D29FCCB}.Release|x86.Build.0 = Release|x86
		{FDAF630E-0C9F-4471-A9F6-886B58E86EEF}.Debug|Any CPU.ActiveCfg = Debug|x86
		{FDAF630E-0C9F-4471-A9F6-886B58E86EEF}.Debug|Mixed Platforms.ActiveCfg = Debug|x86
		{FDAF630E-0C9F-4471-A9F6-886B58E86EEF}.Debug|Mixed Platforms.Build.0 = Debug|x86
		{FDAF630E-0C9F-4471-A9F6-886B58E86EEF}.Debug|x86.ActiveCfg = Debug|x86
		{FDAF630E-0C9F-4471-A9F6-886B58E86EEF}.Debug|x86.Build.0 = Debug|x86
		{FDAF630E-0C9F-4471-A9F6-886B58E86EEF}.Release|Any CPU.ActiveCfg = Release|x86
		{FDAF630E-0C9F-4471-A9F6-886B58E86EEF}.Release|Mixed Platforms.ActiveCfg = Release|x86
		{FDAF630E-0C9F-4471-A9F6-886B58E86EEF}.Release|Mixed Platforms.Build.0 = Release|x86
		{FDAF630E-0C9F-4471-A9F6-886B58E86EEF}.Release|x86.ActiveCfg = Release|x86
		{FDAF630E-0C9F-4471-A9F6-886B58E86EEF}.Release|x86.Build.0 = Release|x86
	EndGlobalSection
	GlobalSection(SolutionProperties) = preSolution
		HideSolutionNode = FALSE
	EndGlobalSection
EndGlobal
